// !$*UTF8*$!
{
	archiveVersion = 1;
	classes = {
	};
	objectVersion = 46;
	objects = {

/* Begin PBXBuildFile section */
		4D2FBCA1166947B5007B8065 /* iTunesArtwork in Resources */ = {isa = PBXBuildFile; fileRef = 4D2FBC9F166947B5007B8065 /* iTunesArtwork */; };
		4D2FBCA2166947B5007B8065 /* iTunesArtwork@2x in Resources */ = {isa = PBXBuildFile; fileRef = 4D2FBCA0166947B5007B8065 /* iTunesArtwork@2x */; };
		4D2FBCA916694F7F007B8065 /* Security.framework in Frameworks */ = {isa = PBXBuildFile; fileRef = 4D2FBCA816694F7F007B8065 /* Security.framework */; };
		4D2FBCAA16694FA3007B8065 /* Security.framework in Frameworks */ = {isa = PBXBuildFile; fileRef = 4D2FBCA816694F7F007B8065 /* Security.framework */; };
		4D2FBCAD166992F7007B8065 /* Keychain.m in Sources */ = {isa = PBXBuildFile; fileRef = 4D2FBCAC166992F7007B8065 /* Keychain.m */; };
		4D2FBCAE166992F7007B8065 /* Keychain.m in Sources */ = {isa = PBXBuildFile; fileRef = 4D2FBCAC166992F7007B8065 /* Keychain.m */; };
		4D309BBD180F30AD003E210A /* CoreGraphics.framework in Frameworks */ = {isa = PBXBuildFile; fileRef = 4D8F4D7916BB760B00B29904 /* CoreGraphics.framework */; };
		4D424E5B17E0C2D2000E1D5A /* FUIButton.m in Sources */ = {isa = PBXBuildFile; fileRef = 4D424E5817E0C2D2000E1D5A /* FUIButton.m */; };
		4D424E5C17E0C2D2000E1D5A /* FUIButton.m in Sources */ = {isa = PBXBuildFile; fileRef = 4D424E5817E0C2D2000E1D5A /* FUIButton.m */; };
		4D424E5D17E0C2D2000E1D5A /* UIImage+FlatUI.m in Sources */ = {isa = PBXBuildFile; fileRef = 4D424E5A17E0C2D2000E1D5A /* UIImage+FlatUI.m */; };
		4D424E5E17E0C2D2000E1D5A /* UIImage+FlatUI.m in Sources */ = {isa = PBXBuildFile; fileRef = 4D424E5A17E0C2D2000E1D5A /* UIImage+FlatUI.m */; };
		4D501E8C16653CBB006A86E9 /* PasswordGenerator.m in Sources */ = {isa = PBXBuildFile; fileRef = 4D501E8916653CBB006A86E9 /* PasswordGenerator.m */; };
		4D501E8D16653CBB006A86E9 /* PasswordGenerator.m in Sources */ = {isa = PBXBuildFile; fileRef = 4D501E8916653CBB006A86E9 /* PasswordGenerator.m */; };
		4D56CE6D1816D0A300660142 /* Images.xcassets in Resources */ = {isa = PBXBuildFile; fileRef = 4D56CE6C1816D0A300660142 /* Images.xcassets */; };
		4D6576F7166536FD00F32D4F /* UIKit.framework in Frameworks */ = {isa = PBXBuildFile; fileRef = 4D6576F6166536FD00F32D4F /* UIKit.framework */; };
		4D6576F9166536FD00F32D4F /* Foundation.framework in Frameworks */ = {isa = PBXBuildFile; fileRef = 4D6576F8166536FD00F32D4F /* Foundation.framework */; };
		4D657701166536FD00F32D4F /* InfoPlist.strings in Resources */ = {isa = PBXBuildFile; fileRef = 4D6576FF166536FD00F32D4F /* InfoPlist.strings */; };
		4D657703166536FD00F32D4F /* main.m in Sources */ = {isa = PBXBuildFile; fileRef = 4D657702166536FD00F32D4F /* main.m */; };
		4D657707166536FD00F32D4F /* AppDelegate.m in Sources */ = {isa = PBXBuildFile; fileRef = 4D657706166536FD00F32D4F /* AppDelegate.m */; };
		4D657710166536FD00F32D4F /* MainStoryboard.storyboard in Resources */ = {isa = PBXBuildFile; fileRef = 4D65770E166536FD00F32D4F /* MainStoryboard.storyboard */; };
		4D657713166536FD00F32D4F /* MainViewController.m in Sources */ = {isa = PBXBuildFile; fileRef = 4D657712166536FD00F32D4F /* MainViewController.m */; };
		4D657716166536FD00F32D4F /* SettingsViewController.m in Sources */ = {isa = PBXBuildFile; fileRef = 4D657715166536FD00F32D4F /* SettingsViewController.m */; };
		4D65771F166536FD00F32D4F /* UIKit.framework in Frameworks */ = {isa = PBXBuildFile; fileRef = 4D6576F6166536FD00F32D4F /* UIKit.framework */; };
		4D657720166536FD00F32D4F /* Foundation.framework in Frameworks */ = {isa = PBXBuildFile; fileRef = 4D6576F8166536FD00F32D4F /* Foundation.framework */; };
		4D657728166536FD00F32D4F /* InfoPlist.strings in Resources */ = {isa = PBXBuildFile; fileRef = 4D657726166536FD00F32D4F /* InfoPlist.strings */; };
		4D65772B166536FD00F32D4F /* PasswordGeneratorTests.m in Sources */ = {isa = PBXBuildFile; fileRef = 4D65772A166536FD00F32D4F /* PasswordGeneratorTests.m */; };
		4D728B1816758957004824AB /* help.css in Resources */ = {isa = PBXBuildFile; fileRef = 4D728B1716758957004824AB /* help.css */; };
		4D7CA2A71816EBCA00CBC956 /* GreenStatus.png in Resources */ = {isa = PBXBuildFile; fileRef = 4D7CA2A61816EBCA00CBC956 /* GreenStatus.png */; };
		4D7CA2AA1816ECA800CBC956 /* RedStatus.png in Resources */ = {isa = PBXBuildFile; fileRef = 4D7CA2A81816ECA800CBC956 /* RedStatus.png */; };
		4D7CA2AB1816ECA800CBC956 /* YellowStatus.png in Resources */ = {isa = PBXBuildFile; fileRef = 4D7CA2A91816ECA800CBC956 /* YellowStatus.png */; };
		4D8F4D7A16BB760B00B29904 /* CoreGraphics.framework in Frameworks */ = {isa = PBXBuildFile; fileRef = 4D8F4D7916BB760B00B29904 /* CoreGraphics.framework */; };
		4D8F4D7D16BB775500B29904 /* About.html in Resources */ = {isa = PBXBuildFile; fileRef = 4D8F4D7B16BB775500B29904 /* About.html */; };
		4D98231516728813001F3D8A /* HelpViewController.m in Sources */ = {isa = PBXBuildFile; fileRef = 4D98231416728813001F3D8A /* HelpViewController.m */; };
		4D98231616728813001F3D8A /* HelpViewController.m in Sources */ = {isa = PBXBuildFile; fileRef = 4D98231416728813001F3D8A /* HelpViewController.m */; };
		4D99EFDC16C044CB00B2F08D /* TopLevelDomains.json in Resources */ = {isa = PBXBuildFile; fileRef = 4D99EFDB16C044CB00B2F08D /* TopLevelDomains.json */; };
		4DC01D961676E7C900D3763E /* SettingsHelp.html in Resources */ = {isa = PBXBuildFile; fileRef = 4DC01D981676E7C900D3763E /* SettingsHelp.html */; };
		4DC01D9B1676E87900D3763E /* Localizable.strings in Resources */ = {isa = PBXBuildFile; fileRef = 4DC01D9D1676E87900D3763E /* Localizable.strings */; };
		4DC172A616B6DEE2000E2B99 /* AboutViewController.m in Sources */ = {isa = PBXBuildFile; fileRef = 4DC172A516B6DEE2000E2B99 /* AboutViewController.m */; };
		4DC172A716B6DEE2000E2B99 /* AboutViewController.m in Sources */ = {isa = PBXBuildFile; fileRef = 4DC172A516B6DEE2000E2B99 /* AboutViewController.m */; };
		4DE5A06F1677BD6E00719D18 /* MainHelp.html in Resources */ = {isa = PBXBuildFile; fileRef = 4DE5A0711677BD6E00719D18 /* MainHelp.html */; };
/* End PBXBuildFile section */

/* Begin PBXContainerItemProxy section */
		4D657721166536FD00F32D4F /* PBXContainerItemProxy */ = {
			isa = PBXContainerItemProxy;
			containerPortal = 4D6576E9166536FD00F32D4F /* Project object */;
			proxyType = 1;
			remoteGlobalIDString = 4D6576F1166536FD00F32D4F;
			remoteInfo = UberGenPass;
		};
/* End PBXContainerItemProxy section */

/* Begin PBXFileReference section */
		4D2FBC9F166947B5007B8065 /* iTunesArtwork */ = {isa = PBXFileReference; lastKnownFileType = file; path = iTunesArtwork; sourceTree = "<group>"; };
		4D2FBCA0166947B5007B8065 /* iTunesArtwork@2x */ = {isa = PBXFileReference; lastKnownFileType = file; path = "iTunesArtwork@2x"; sourceTree = "<group>"; };
		4D2FBCA816694F7F007B8065 /* Security.framework */ = {isa = PBXFileReference; lastKnownFileType = wrapper.framework; name = Security.framework; path = System/Library/Frameworks/Security.framework; sourceTree = SDKROOT; };
		4D2FBCAB166992F7007B8065 /* Keychain.h */ = {isa = PBXFileReference; fileEncoding = 4; lastKnownFileType = sourcecode.c.h; path = Keychain.h; sourceTree = "<group>"; };
		4D2FBCAC166992F7007B8065 /* Keychain.m */ = {isa = PBXFileReference; fileEncoding = 4; lastKnownFileType = sourcecode.c.objc; path = Keychain.m; sourceTree = "<group>"; };
		4D424E5717E0C2D2000E1D5A /* FUIButton.h */ = {isa = PBXFileReference; fileEncoding = 4; lastKnownFileType = sourcecode.c.h; path = FUIButton.h; sourceTree = "<group>"; };
		4D424E5817E0C2D2000E1D5A /* FUIButton.m */ = {isa = PBXFileReference; fileEncoding = 4; lastKnownFileType = sourcecode.c.objc; path = FUIButton.m; sourceTree = "<group>"; };
		4D424E5917E0C2D2000E1D5A /* UIImage+FlatUI.h */ = {isa = PBXFileReference; fileEncoding = 4; lastKnownFileType = sourcecode.c.h; path = "UIImage+FlatUI.h"; sourceTree = "<group>"; };
		4D424E5A17E0C2D2000E1D5A /* UIImage+FlatUI.m */ = {isa = PBXFileReference; fileEncoding = 4; lastKnownFileType = sourcecode.c.objc; path = "UIImage+FlatUI.m"; sourceTree = "<group>"; };
		4D501E8816653CBB006A86E9 /* PasswordGenerator.h */ = {isa = PBXFileReference; fileEncoding = 4; lastKnownFileType = sourcecode.c.h; path = PasswordGenerator.h; sourceTree = "<group>"; };
		4D501E8916653CBB006A86E9 /* PasswordGenerator.m */ = {isa = PBXFileReference; fileEncoding = 4; lastKnownFileType = sourcecode.c.objc; path = PasswordGenerator.m; sourceTree = "<group>"; };
		4D56CE6C1816D0A300660142 /* Images.xcassets */ = {isa = PBXFileReference; lastKnownFileType = folder.assetcatalog; path = Images.xcassets; sourceTree = "<group>"; };
		4D6576F2166536FD00F32D4F /* UberGenPass.app */ = {isa = PBXFileReference; explicitFileType = wrapper.application; includeInIndex = 0; path = UberGenPass.app; sourceTree = BUILT_PRODUCTS_DIR; };
		4D6576F6166536FD00F32D4F /* UIKit.framework */ = {isa = PBXFileReference; lastKnownFileType = wrapper.framework; name = UIKit.framework; path = System/Library/Frameworks/UIKit.framework; sourceTree = SDKROOT; };
		4D6576F8166536FD00F32D4F /* Foundation.framework */ = {isa = PBXFileReference; lastKnownFileType = wrapper.framework; name = Foundation.framework; path = System/Library/Frameworks/Foundation.framework; sourceTree = SDKROOT; };
		4D657700166536FD00F32D4F /* en */ = {isa = PBXFileReference; lastKnownFileType = text.plist.strings; name = en; path = en.lproj/InfoPlist.strings; sourceTree = "<group>"; };
		4D657702166536FD00F32D4F /* main.m */ = {isa = PBXFileReference; lastKnownFileType = sourcecode.c.objc; path = main.m; sourceTree = "<group>"; };
		4D657704166536FD00F32D4F /* UberGenPass-Prefix.pch */ = {isa = PBXFileReference; lastKnownFileType = sourcecode.c.h; path = "UberGenPass-Prefix.pch"; sourceTree = "<group>"; };
		4D657705166536FD00F32D4F /* AppDelegate.h */ = {isa = PBXFileReference; lastKnownFileType = sourcecode.c.h; path = AppDelegate.h; sourceTree = "<group>"; };
		4D657706166536FD00F32D4F /* AppDelegate.m */ = {isa = PBXFileReference; lastKnownFileType = sourcecode.c.objc; path = AppDelegate.m; sourceTree = "<group>"; };
		4D65770F166536FD00F32D4F /* en */ = {isa = PBXFileReference; lastKnownFileType = file.storyboard; name = en; path = en.lproj/MainStoryboard.storyboard; sourceTree = "<group>"; };
		4D657711166536FD00F32D4F /* MainViewController.h */ = {isa = PBXFileReference; lastKnownFileType = sourcecode.c.h; path = MainViewController.h; sourceTree = "<group>"; };
		4D657712166536FD00F32D4F /* MainViewController.m */ = {isa = PBXFileReference; lastKnownFileType = sourcecode.c.objc; path = MainViewController.m; sourceTree = "<group>"; };
		4D657714166536FD00F32D4F /* SettingsViewController.h */ = {isa = PBXFileReference; lastKnownFileType = sourcecode.c.h; path = SettingsViewController.h; sourceTree = "<group>"; };
		4D657715166536FD00F32D4F /* SettingsViewController.m */ = {isa = PBXFileReference; lastKnownFileType = sourcecode.c.objc; path = SettingsViewController.m; sourceTree = "<group>"; };
		4D65771C166536FD00F32D4F /* UberGenPassTests.xctest */ = {isa = PBXFileReference; explicitFileType = wrapper.cfbundle; includeInIndex = 0; path = UberGenPassTests.xctest; sourceTree = BUILT_PRODUCTS_DIR; };
		4D657725166536FD00F32D4F /* UberGenPassTests-Info.plist */ = {isa = PBXFileReference; lastKnownFileType = text.plist.xml; path = "UberGenPassTests-Info.plist"; sourceTree = "<group>"; };
		4D657727166536FD00F32D4F /* en */ = {isa = PBXFileReference; lastKnownFileType = text.plist.strings; name = en; path = en.lproj/InfoPlist.strings; sourceTree = "<group>"; };
		4D657729166536FD00F32D4F /* PasswordGeneratorTests.h */ = {isa = PBXFileReference; lastKnownFileType = sourcecode.c.h; path = PasswordGeneratorTests.h; sourceTree = "<group>"; };
		4D65772A166536FD00F32D4F /* PasswordGeneratorTests.m */ = {isa = PBXFileReference; lastKnownFileType = sourcecode.c.objc; path = PasswordGeneratorTests.m; sourceTree = "<group>"; };
		4D728B1316758701004824AB /* Misc */ = {isa = PBXFileReference; lastKnownFileType = folder; name = Misc; path = UberGenPass/Misc; sourceTree = "<group>"; };
		4D728B1716758957004824AB /* help.css */ = {isa = PBXFileReference; fileEncoding = 4; lastKnownFileType = text.css; path = help.css; sourceTree = "<group>"; };
		4D7CA2A61816EBCA00CBC956 /* GreenStatus.png */ = {isa = PBXFileReference; lastKnownFileType = image.png; name = GreenStatus.png; path = UberGenPass/Images.xcassets/GreenStatus.imageset/GreenStatus.png; sourceTree = SOURCE_ROOT; };
		4D7CA2A81816ECA800CBC956 /* RedStatus.png */ = {isa = PBXFileReference; lastKnownFileType = image.png; name = RedStatus.png; path = UberGenPass/Images.xcassets/RedStatus.imageset/RedStatus.png; sourceTree = SOURCE_ROOT; };
		4D7CA2A91816ECA800CBC956 /* YellowStatus.png */ = {isa = PBXFileReference; lastKnownFileType = image.png; name = YellowStatus.png; path = UberGenPass/Images.xcassets/YellowStatus.imageset/YellowStatus.png; sourceTree = SOURCE_ROOT; };
		4D8B12611665B91D0062C305 /* UberGenPass-Info.plist */ = {isa = PBXFileReference; fileEncoding = 4; lastKnownFileType = text.plist.xml; path = "UberGenPass-Info.plist"; sourceTree = "<group>"; };
		4D8F4D7916BB760B00B29904 /* CoreGraphics.framework */ = {isa = PBXFileReference; lastKnownFileType = wrapper.framework; name = CoreGraphics.framework; path = System/Library/Frameworks/CoreGraphics.framework; sourceTree = SDKROOT; };
		4D8F4D7C16BB775500B29904 /* en */ = {isa = PBXFileReference; lastKnownFileType = text.html; name = en; path = UberGenPass/en.lproj/About.html; sourceTree = SOURCE_ROOT; };
		4D98231316728813001F3D8A /* HelpViewController.h */ = {isa = PBXFileReference; fileEncoding = 4; lastKnownFileType = sourcecode.c.h; path = HelpViewController.h; sourceTree = "<group>"; };
		4D98231416728813001F3D8A /* HelpViewController.m */ = {isa = PBXFileReference; fileEncoding = 4; lastKnownFileType = sourcecode.c.objc; path = HelpViewController.m; sourceTree = "<group>"; };
		4D99EFDB16C044CB00B2F08D /* TopLevelDomains.json */ = {isa = PBXFileReference; fileEncoding = 4; lastKnownFileType = text.json; path = TopLevelDomains.json; sourceTree = "<group>"; };
		4DC01D971676E7C900D3763E /* en */ = {isa = PBXFileReference; lastKnownFileType = text.html; name = en; path = en.lproj/SettingsHelp.html; sourceTree = "<group>"; };
		4DC01D9C1676E87900D3763E /* en */ = {isa = PBXFileReference; lastKnownFileType = text.plist.strings; name = en; path = en.lproj/Localizable.strings; sourceTree = "<group>"; };
		4DC1729E16B6C707000E2B99 /* UberGenPass.h */ = {isa = PBXFileReference; fileEncoding = 4; lastKnownFileType = sourcecode.c.h; path = UberGenPass.h; sourceTree = "<group>"; };
		4DC172A416B6DEE2000E2B99 /* AboutViewController.h */ = {isa = PBXFileReference; fileEncoding = 4; lastKnownFileType = sourcecode.c.h; path = AboutViewController.h; sourceTree = "<group>"; };
		4DC172A516B6DEE2000E2B99 /* AboutViewController.m */ = {isa = PBXFileReference; fileEncoding = 4; lastKnownFileType = sourcecode.c.objc; path = AboutViewController.m; sourceTree = "<group>"; };
		4DE5A0701677BD6E00719D18 /* en */ = {isa = PBXFileReference; lastKnownFileType = text.html; name = en; path = en.lproj/MainHelp.html; sourceTree = "<group>"; };
/* End PBXFileReference section */

/* Begin PBXFrameworksBuildPhase section */
		4D6576EF166536FD00F32D4F /* Frameworks */ = {
			isa = PBXFrameworksBuildPhase;
			buildActionMask = 2147483647;
			files = (
				4D8F4D7A16BB760B00B29904 /* CoreGraphics.framework in Frameworks */,
				4D6576F9166536FD00F32D4F /* Foundation.framework in Frameworks */,
				4D2FBCA916694F7F007B8065 /* Security.framework in Frameworks */,
				4D6576F7166536FD00F32D4F /* UIKit.framework in Frameworks */,
			);
			runOnlyForDeploymentPostprocessing = 0;
		};
		4D657718166536FD00F32D4F /* Frameworks */ = {
			isa = PBXFrameworksBuildPhase;
			buildActionMask = 2147483647;
			files = (
				4D309BBD180F30AD003E210A /* CoreGraphics.framework in Frameworks */,
				4D657720166536FD00F32D4F /* Foundation.framework in Frameworks */,
				4D2FBCAA16694FA3007B8065 /* Security.framework in Frameworks */,
				4D65771F166536FD00F32D4F /* UIKit.framework in Frameworks */,
			);
			runOnlyForDeploymentPostprocessing = 0;
		};
/* End PBXFrameworksBuildPhase section */

/* Begin PBXGroup section */
		4D6576E7166536FD00F32D4F = {
			isa = PBXGroup;
			children = (
				4D6576FC166536FD00F32D4F /* UberGenPass */,
				4D657723166536FD00F32D4F /* UberGenPassTests */,
				4D6576F5166536FD00F32D4F /* Frameworks */,
				4D6576F3166536FD00F32D4F /* Products */,
				4D728B1316758701004824AB /* Misc */,
			);
			sourceTree = "<group>";
		};
		4D6576F3166536FD00F32D4F /* Products */ = {
			isa = PBXGroup;
			children = (
				4D6576F2166536FD00F32D4F /* UberGenPass.app */,
				4D65771C166536FD00F32D4F /* UberGenPassTests.xctest */,
			);
			name = Products;
			sourceTree = "<group>";
		};
		4D6576F5166536FD00F32D4F /* Frameworks */ = {
			isa = PBXGroup;
			children = (
				4D8F4D7916BB760B00B29904 /* CoreGraphics.framework */,
				4D6576F8166536FD00F32D4F /* Foundation.framework */,
				4D2FBCA816694F7F007B8065 /* Security.framework */,
				4D6576F6166536FD00F32D4F /* UIKit.framework */,
			);
			name = Frameworks;
			sourceTree = "<group>";
		};
		4D6576FC166536FD00F32D4F /* UberGenPass */ = {
			isa = PBXGroup;
			children = (
				4DC172A416B6DEE2000E2B99 /* AboutViewController.h */,
				4DC172A516B6DEE2000E2B99 /* AboutViewController.m */,
				4D657705166536FD00F32D4F /* AppDelegate.h */,
				4D657706166536FD00F32D4F /* AppDelegate.m */,
				4D424E5717E0C2D2000E1D5A /* FUIButton.h */,
				4D424E5817E0C2D2000E1D5A /* FUIButton.m */,
				4D98231316728813001F3D8A /* HelpViewController.h */,
				4D98231416728813001F3D8A /* HelpViewController.m */,
				4D2FBCAB166992F7007B8065 /* Keychain.h */,
				4D2FBCAC166992F7007B8065 /* Keychain.m */,
				4D657711166536FD00F32D4F /* MainViewController.h */,
				4D657712166536FD00F32D4F /* MainViewController.m */,
				4D501E8816653CBB006A86E9 /* PasswordGenerator.h */,
				4D501E8916653CBB006A86E9 /* PasswordGenerator.m */,
				4D657714166536FD00F32D4F /* SettingsViewController.h */,
				4D657715166536FD00F32D4F /* SettingsViewController.m */,
				4DC1729E16B6C707000E2B99 /* UberGenPass.h */,
				4D424E5917E0C2D2000E1D5A /* UIImage+FlatUI.h */,
				4D424E5A17E0C2D2000E1D5A /* UIImage+FlatUI.m */,
				4D65770E166536FD00F32D4F /* MainStoryboard.storyboard */,
				4D8B12541665AFD40062C305 /* Resources */,
				4D56CE6C1816D0A300660142 /* Images.xcassets */,
				4D6576FD166536FD00F32D4F /* Supporting Files */,
			);
			path = UberGenPass;
			sourceTree = "<group>";
		};
		4D6576FD166536FD00F32D4F /* Supporting Files */ = {
			isa = PBXGroup;
			children = (
				4D657702166536FD00F32D4F /* main.m */,
				4D8B12611665B91D0062C305 /* UberGenPass-Info.plist */,
				4D657704166536FD00F32D4F /* UberGenPass-Prefix.pch */,
			);
			name = "Supporting Files";
			sourceTree = "<group>";
		};
		4D657723166536FD00F32D4F /* UberGenPassTests */ = {
			isa = PBXGroup;
			children = (
				4D657729166536FD00F32D4F /* PasswordGeneratorTests.h */,
				4D65772A166536FD00F32D4F /* PasswordGeneratorTests.m */,
				4D657724166536FD00F32D4F /* Supporting Files */,
			);
			path = UberGenPassTests;
			sourceTree = "<group>";
		};
		4D657724166536FD00F32D4F /* Supporting Files */ = {
			isa = PBXGroup;
			children = (
				4D657725166536FD00F32D4F /* UberGenPassTests-Info.plist */,
				4D657726166536FD00F32D4F /* InfoPlist.strings */,
			);
			name = "Supporting Files";
			sourceTree = "<group>";
		};
		4D8B12541665AFD40062C305 /* Resources */ = {
			isa = PBXGroup;
			children = (
				4D8F4D7B16BB775500B29904 /* About.html */,
				4D7CA2A61816EBCA00CBC956 /* GreenStatus.png */,
				4D728B1716758957004824AB /* help.css */,
				4D6576FF166536FD00F32D4F /* InfoPlist.strings */,
				4D2FBC9F166947B5007B8065 /* iTunesArtwork */,
				4D2FBCA0166947B5007B8065 /* iTunesArtwork@2x */,
				4DC01D9D1676E87900D3763E /* Localizable.strings */,
				4DE5A0711677BD6E00719D18 /* MainHelp.html */,
				4D7CA2A81816ECA800CBC956 /* RedStatus.png */,
				4DC01D981676E7C900D3763E /* SettingsHelp.html */,
				4D99EFDB16C044CB00B2F08D /* TopLevelDomains.json */,
				4D7CA2A91816ECA800CBC956 /* YellowStatus.png */,
			);
			path = Resources;
			sourceTree = "<group>";
		};
/* End PBXGroup section */

/* Begin PBXNativeTarget section */
		4D6576F1166536FD00F32D4F /* UberGenPass */ = {
			isa = PBXNativeTarget;
			buildConfigurationList = 4D65772E166536FD00F32D4F /* Build configuration list for PBXNativeTarget "UberGenPass" */;
			buildPhases = (
				4D6576EE166536FD00F32D4F /* Sources */,
				4D6576EF166536FD00F32D4F /* Frameworks */,
				4D6576F0166536FD00F32D4F /* Resources */,
			);
			buildRules = (
			);
			dependencies = (
			);
			name = UberGenPass;
			productName = UberGenPass;
			productReference = 4D6576F2166536FD00F32D4F /* UberGenPass.app */;
			productType = "com.apple.product-type.application";
		};
		4D65771B166536FD00F32D4F /* UberGenPassTests */ = {
			isa = PBXNativeTarget;
			buildConfigurationList = 4D657731166536FD00F32D4F /* Build configuration list for PBXNativeTarget "UberGenPassTests" */;
			buildPhases = (
				4D657717166536FD00F32D4F /* Sources */,
				4D657718166536FD00F32D4F /* Frameworks */,
				4D657719166536FD00F32D4F /* Resources */,
				4D65771A166536FD00F32D4F /* ShellScript */,
			);
			buildRules = (
			);
			dependencies = (
				4D657722166536FD00F32D4F /* PBXTargetDependency */,
			);
			name = UberGenPassTests;
			productName = UberGenPassTests;
			productReference = 4D65771C166536FD00F32D4F /* UberGenPassTests.xctest */;
			productType = "com.apple.product-type.bundle.unit-test";
		};
/* End PBXNativeTarget section */

/* Begin PBXProject section */
		4D6576E9166536FD00F32D4F /* Project object */ = {
			isa = PBXProject;
			attributes = {
				LastUpgradeCheck = 0450;
				ORGANIZATIONNAME = "Camazotz Limited";
				TargetAttributes = {
					4D6576F1166536FD00F32D4F = {
						DevelopmentTeam = G7ZK42W7RU;
					};
				};
			};
			buildConfigurationList = 4D6576EC166536FD00F32D4F /* Build configuration list for PBXProject "UberGenPass" */;
			compatibilityVersion = "Xcode 3.2";
			developmentRegion = English;
			hasScannedForEncodings = 0;
			knownRegions = (
				en,
			);
			mainGroup = 4D6576E7166536FD00F32D4F;
			productRefGroup = 4D6576F3166536FD00F32D4F /* Products */;
			projectDirPath = "";
			projectRoot = "";
			targets = (
				4D6576F1166536FD00F32D4F /* UberGenPass */,
				4D65771B166536FD00F32D4F /* UberGenPassTests */,
			);
		};
/* End PBXProject section */

/* Begin PBXResourcesBuildPhase section */
		4D6576F0166536FD00F32D4F /* Resources */ = {
			isa = PBXResourcesBuildPhase;
			buildActionMask = 2147483647;
			files = (
				4D7CA2AA1816ECA800CBC956 /* RedStatus.png in Resources */,
				4D657701166536FD00F32D4F /* InfoPlist.strings in Resources */,
				4D657710166536FD00F32D4F /* MainStoryboard.storyboard in Resources */,
				4D2FBCA1166947B5007B8065 /* iTunesArtwork in Resources */,
				4D2FBCA2166947B5007B8065 /* iTunesArtwork@2x in Resources */,
				4D56CE6D1816D0A300660142 /* Images.xcassets in Resources */,
				4DC01D961676E7C900D3763E /* SettingsHelp.html in Resources */,
				4D728B1816758957004824AB /* help.css in Resources */,
				4DC01D9B1676E87900D3763E /* Localizable.strings in Resources */,
				4D7CA2A71816EBCA00CBC956 /* GreenStatus.png in Resources */,
				4DE5A06F1677BD6E00719D18 /* MainHelp.html in Resources */,
				4D8F4D7D16BB775500B29904 /* About.html in Resources */,
				4D99EFDC16C044CB00B2F08D /* TopLevelDomains.json in Resources */,
				4D7CA2AB1816ECA800CBC956 /* YellowStatus.png in Resources */,
			);
			runOnlyForDeploymentPostprocessing = 0;
		};
		4D657719166536FD00F32D4F /* Resources */ = {
			isa = PBXResourcesBuildPhase;
			buildActionMask = 2147483647;
			files = (
				4D657728166536FD00F32D4F /* InfoPlist.strings in Resources */,
			);
			runOnlyForDeploymentPostprocessing = 0;
		};
/* End PBXResourcesBuildPhase section */

/* Begin PBXShellScriptBuildPhase section */
		4D65771A166536FD00F32D4F /* ShellScript */ = {
			isa = PBXShellScriptBuildPhase;
			buildActionMask = 2147483647;
			files = (
			);
			inputPaths = (
			);
			outputPaths = (
			);
			runOnlyForDeploymentPostprocessing = 0;
			shellPath = /bin/sh;
			shellScript = "# Run the unit tests in this test bundle.\n\"${SYSTEM_DEVELOPER_DIR}/Tools/RunUnitTests\"\n";
		};
/* End PBXShellScriptBuildPhase section */

/* Begin PBXSourcesBuildPhase section */
		4D6576EE166536FD00F32D4F /* Sources */ = {
			isa = PBXSourcesBuildPhase;
			buildActionMask = 2147483647;
			files = (
				4D424E5D17E0C2D2000E1D5A /* UIImage+FlatUI.m in Sources */,
				4D657703166536FD00F32D4F /* main.m in Sources */,
				4D657707166536FD00F32D4F /* AppDelegate.m in Sources */,
				4D657713166536FD00F32D4F /* MainViewController.m in Sources */,
				4D657716166536FD00F32D4F /* SettingsViewController.m in Sources */,
				4D501E8C16653CBB006A86E9 /* PasswordGenerator.m in Sources */,
				4D2FBCAD166992F7007B8065 /* Keychain.m in Sources */,
				4D98231516728813001F3D8A /* HelpViewController.m in Sources */,
				4DC172A616B6DEE2000E2B99 /* AboutViewController.m in Sources */,
				4D424E5B17E0C2D2000E1D5A /* FUIButton.m in Sources */,
			);
			runOnlyForDeploymentPostprocessing = 0;
		};
		4D657717166536FD00F32D4F /* Sources */ = {
			isa = PBXSourcesBuildPhase;
			buildActionMask = 2147483647;
			files = (
				4D424E5C17E0C2D2000E1D5A /* FUIButton.m in Sources */,
				4D65772B166536FD00F32D4F /* PasswordGeneratorTests.m in Sources */,
				4D501E8D16653CBB006A86E9 /* PasswordGenerator.m in Sources */,
				4D424E5E17E0C2D2000E1D5A /* UIImage+FlatUI.m in Sources */,
				4D2FBCAE166992F7007B8065 /* Keychain.m in Sources */,
				4D98231616728813001F3D8A /* HelpViewController.m in Sources */,
				4DC172A716B6DEE2000E2B99 /* AboutViewController.m in Sources */,
			);
			runOnlyForDeploymentPostprocessing = 0;
		};
/* End PBXSourcesBuildPhase section */

/* Begin PBXTargetDependency section */
		4D657722166536FD00F32D4F /* PBXTargetDependency */ = {
			isa = PBXTargetDependency;
			target = 4D6576F1166536FD00F32D4F /* UberGenPass */;
			targetProxy = 4D657721166536FD00F32D4F /* PBXContainerItemProxy */;
		};
/* End PBXTargetDependency section */

/* Begin PBXVariantGroup section */
		4D6576FF166536FD00F32D4F /* InfoPlist.strings */ = {
			isa = PBXVariantGroup;
			children = (
				4D657700166536FD00F32D4F /* en */,
			);
			name = InfoPlist.strings;
			path = ..;
			sourceTree = "<group>";
		};
		4D65770E166536FD00F32D4F /* MainStoryboard.storyboard */ = {
			isa = PBXVariantGroup;
			children = (
				4D65770F166536FD00F32D4F /* en */,
			);
			name = MainStoryboard.storyboard;
			sourceTree = "<group>";
		};
		4D657726166536FD00F32D4F /* InfoPlist.strings */ = {
			isa = PBXVariantGroup;
			children = (
				4D657727166536FD00F32D4F /* en */,
			);
			name = InfoPlist.strings;
			sourceTree = "<group>";
		};
		4D8F4D7B16BB775500B29904 /* About.html */ = {
			isa = PBXVariantGroup;
			children = (
				4D8F4D7C16BB775500B29904 /* en */,
			);
			name = About.html;
			sourceTree = "<group>";
		};
		4DC01D981676E7C900D3763E /* SettingsHelp.html */ = {
			isa = PBXVariantGroup;
			children = (
				4DC01D971676E7C900D3763E /* en */,
			);
			name = SettingsHelp.html;
			path = ..;
			sourceTree = "<group>";
		};
		4DC01D9D1676E87900D3763E /* Localizable.strings */ = {
			isa = PBXVariantGroup;
			children = (
				4DC01D9C1676E87900D3763E /* en */,
			);
			name = Localizable.strings;
			path = ..;
			sourceTree = "<group>";
		};
		4DE5A0711677BD6E00719D18 /* MainHelp.html */ = {
			isa = PBXVariantGroup;
			children = (
				4DE5A0701677BD6E00719D18 /* en */,
			);
			name = MainHelp.html;
			path = ..;
			sourceTree = "<group>";
		};
/* End PBXVariantGroup section */

/* Begin XCBuildConfiguration section */
		4D65772C166536FD00F32D4F /* Debug */ = {
			isa = XCBuildConfiguration;
			buildSettings = {
				ALWAYS_SEARCH_USER_PATHS = NO;
				CLANG_CXX_LANGUAGE_STANDARD = "gnu++0x";
				CLANG_CXX_LIBRARY = "libc++";
				CLANG_ENABLE_OBJC_ARC = YES;
				CLANG_WARN_EMPTY_BODY = YES;
				CLANG_WARN__DUPLICATE_METHOD_MATCH = YES;
				"CODE_SIGN_IDENTITY[sdk=iphoneos*]" = "iPhone Developer: Mark Smith (BTWH9L8Z29)";
				COPY_PHASE_STRIP = NO;
				GCC_C_LANGUAGE_STANDARD = gnu99;
				GCC_DYNAMIC_NO_PIC = NO;
				GCC_OPTIMIZATION_LEVEL = 0;
				GCC_PREPROCESSOR_DEFINITIONS = (
					"DEBUG=1",
					"$(inherited)",
				);
				GCC_SYMBOLS_PRIVATE_EXTERN = NO;
				GCC_TREAT_WARNINGS_AS_ERRORS = YES;
				GCC_WARN_ABOUT_RETURN_TYPE = YES;
				GCC_WARN_UNINITIALIZED_AUTOS = YES;
				GCC_WARN_UNUSED_VARIABLE = YES;
				ONLY_ACTIVE_ARCH = YES;
				"PROVISIONING_PROFILE[sdk=iphoneos*]" = "E750525C-E847-42DC-AC04-65AD20104F92";
				SDKROOT = iphoneos;
			};
			name = Debug;
		};
		4D65772D166536FD00F32D4F /* Release */ = {
			isa = XCBuildConfiguration;
			buildSettings = {
				ALWAYS_SEARCH_USER_PATHS = NO;
				CLANG_CXX_LANGUAGE_STANDARD = "gnu++0x";
				CLANG_CXX_LIBRARY = "libc++";
				CLANG_ENABLE_OBJC_ARC = YES;
				CLANG_WARN_EMPTY_BODY = YES;
				CLANG_WARN__DUPLICATE_METHOD_MATCH = YES;
				"CODE_SIGN_IDENTITY[sdk=iphoneos*]" = "iPhone Distribution: Camazotz Limited";
				COPY_PHASE_STRIP = YES;
				GCC_C_LANGUAGE_STANDARD = gnu99;
				GCC_TREAT_WARNINGS_AS_ERRORS = YES;
				GCC_WARN_ABOUT_RETURN_TYPE = YES;
				GCC_WARN_UNINITIALIZED_AUTOS = YES;
				GCC_WARN_UNUSED_VARIABLE = YES;
				OTHER_CFLAGS = "-DNS_BLOCK_ASSERTIONS=1";
				"PROVISIONING_PROFILE[sdk=iphoneos*]" = "4F12F1CD-BFB8-4ED4-94C7-32F12FE98438";
				SDKROOT = iphoneos;
				VALIDATE_PRODUCT = YES;
			};
			name = Release;
		};
		4D65772F166536FD00F32D4F /* Debug */ = {
			isa = XCBuildConfiguration;
			buildSettings = {
				ASSETCATALOG_COMPILER_APPICON_NAME = AppIcon;
				ASSETCATALOG_COMPILER_LAUNCHIMAGE_NAME = LaunchImage;
				CODE_SIGN_IDENTITY = "iPhone Developer";
				"CODE_SIGN_IDENTITY[sdk=iphoneos*]" = "iPhone Developer";
				GCC_PRECOMPILE_PREFIX_HEADER = YES;
				GCC_PREFIX_HEADER = "UberGenPass/UberGenPass-Prefix.pch";
				INFOPLIST_FILE = "UberGenPass/UberGenPass-Info.plist";
				IPHONEOS_DEPLOYMENT_TARGET = 7.0;
				PRODUCT_NAME = "$(TARGET_NAME)";
				PROVISIONING_PROFILE = "";
				WRAPPER_EXTENSION = app;
			};
			name = Debug;
		};
		4D657730166536FD00F32D4F /* Release */ = {
			isa = XCBuildConfiguration;
			buildSettings = {
				ASSETCATALOG_COMPILER_APPICON_NAME = AppIcon;
				ASSETCATALOG_COMPILER_LAUNCHIMAGE_NAME = LaunchImage;
				CODE_SIGN_IDENTITY = "iPhone Developer";
				"CODE_SIGN_IDENTITY[sdk=iphoneos*]" = "iPhone Developer";
				GCC_PRECOMPILE_PREFIX_HEADER = YES;
				GCC_PREFIX_HEADER = "UberGenPass/UberGenPass-Prefix.pch";
				INFOPLIST_FILE = "UberGenPass/UberGenPass-Info.plist";
				IPHONEOS_DEPLOYMENT_TARGET = 7.0;
				PRODUCT_NAME = "$(TARGET_NAME)";
				PROVISIONING_PROFILE = "";
				WRAPPER_EXTENSION = app;
			};
			name = Release;
		};
		4D657732166536FD00F32D4F /* Debug */ = {
			isa = XCBuildConfiguration;
			buildSettings = {
				BUNDLE_LOADER = "$(BUILT_PRODUCTS_DIR)/UberGenPass.app/UberGenPass";
				FRAMEWORK_SEARCH_PATHS = (
					"\"$(SDKROOT)/Developer/Library/Frameworks\"",
					"\"$(DEVELOPER_LIBRARY_DIR)/Frameworks\"",
				);
				GCC_PRECOMPILE_PREFIX_HEADER = YES;
				GCC_PREFIX_HEADER = "UberGenPass/UberGenPass-Prefix.pch";
				INFOPLIST_FILE = "UberGenPassTests/UberGenPassTests-Info.plist";
				PRODUCT_NAME = "$(TARGET_NAME)";
				TEST_HOST = "$(BUNDLE_LOADER)";
			};
			name = Debug;
		};
		4D657733166536FD00F32D4F /* Release */ = {
			isa = XCBuildConfiguration;
			buildSettings = {
				BUNDLE_LOADER = "$(BUILT_PRODUCTS_DIR)/UberGenPass.app/UberGenPass";
				FRAMEWORK_SEARCH_PATHS = (
					"\"$(SDKROOT)/Developer/Library/Frameworks\"",
					"\"$(DEVELOPER_LIBRARY_DIR)/Frameworks\"",
				);
				GCC_PRECOMPILE_PREFIX_HEADER = YES;
				GCC_PREFIX_HEADER = "UberGenPass/UberGenPass-Prefix.pch";
				INFOPLIST_FILE = "UberGenPassTests/UberGenPassTests-Info.plist";
				PRODUCT_NAME = "$(TARGET_NAME)";
				TEST_HOST = "$(BUNDLE_LOADER)";
			};
			name = Release;
		};
/* End XCBuildConfiguration section */

/* Begin XCConfigurationList section */
		4D6576EC166536FD00F32D4F /* Build configuration list for PBXProject "UberGenPass" */ = {
			isa = XCConfigurationList;
			buildConfigurations = (
				4D65772C166536FD00F32D4F /* Debug */,
				4D65772D166536FD00F32D4F /* Release */,
			);
			defaultConfigurationIsVisible = 0;
			defaultConfigurationName = Release;
		};
		4D65772E166536FD00F32D4F /* Build configuration list for PBXNativeTarget "UberGenPass" */ = {
			isa = XCConfigurationList;
			buildConfigurations = (
				4D65772F166536FD00F32D4F /* Debug */,
				4D657730166536FD00F32D4F /* Release */,
			);
			defaultConfigurationIsVisible = 0;
			defaultConfigurationName = Release;
		};
		4D657731166536FD00F32D4F /* Build configuration list for PBXNativeTarget "UberGenPassTests" */ = {
			isa = XCConfigurationList;
			buildConfigurations = (
				4D657732166536FD00F32D4F /* Debug */,
				4D657733166536FD00F32D4F /* Release */,
			);
			defaultConfigurationIsVisible = 0;
			defaultConfigurationName = Release;
		};
/* End XCConfigurationList section */
	};
	rootObject = 4D6576E9166536FD00F32D4F /* Project object */;
}
